
Microsoft Visual Studio Solution File, Format Version 12.00
# Visual Studio Version 16
VisualStudioVersion = 16.0.30907.101
MinimumVisualStudioVersion = 10.0.40219.1
Project("{FAE04EC0-301F-11D3-BF4B-00C04F79EFBC}") = "GameProject", "GameProject\GameProject.csproj", "{851A5184-77F1-40B9-85E9-58DF350B0555}"
EndProject
Global
	GlobalSection(SolutionConfigurationPlatforms) = preSolution
		Debug|Any CPU = Debug|Any CPU
		Release|Any CPU = Release|Any CPU
	EndGlobalSection
	GlobalSection(ProjectConfigurationPlatforms) = postSolution
		{851A5184-77F1-40B9-85E9-58DF350B0555}.Debug|Any CPU.ActiveCfg = Debug|Any CPU
		{851A5184-77F1-40B9-85E9-58DF350B0555}.Debug|Any CPU.Build.0 = Debug|Any CPU
		{851A5184-77F1-40B9-85E9-58DF350B0555}.Release|Any CPU.ActiveCfg = Release|Any CPU
		{851A5184-77F1-40B9-85E9-58DF350B0555}.Release|Any CPU.Build.0 = Release|Any CPU
	EndGlobalSection
	GlobalSection(SolutionProperties) = preSolution
		HideSolutionNode = FALSE
	EndGlobalSection
	GlobalSection(ExtensibilityGlobals) = postSolution
		SolutionGuid = {C74B2BD7-306A-4B28-AB49-B164AD51F25A}
	EndGlobalSection
EndGlobal
